{
  "name": "orgflow",
  "version": "1.0.0",
  "lockfileVersion": 3,
  "requires": true,
  "packages": {
    "": {
      "name": "orgflow",
      "version": "1.0.0",
      "license": "ISC",
      "dependencies": {
        "@balkangraph/orgchart.js": "^8.21.26"
      }
    },
    "node_modules/@balkangraph/orgchart.js": {
      "version": "8.21.26",
      "resolved": "https://registry.npmjs.org/@balkangraph/orgchart.js/-/orgchart.js-8.21.26.tgz",
      "integrity": "sha512-vWbU8Lcf7+NDKenXXowasKWc67J6S8Szeok/JS5cr8il6wpWcGxlPXzWsxAmPbbjREnf5+zAU3uxkv1BjPZ9aQ==",
      "license": "SEE LICENSE IN https://balkan.app"
    }
  }
}
